
Microsoft Visual Studio Solution File, Format Version 12.00
# Visual Studio Version 16
VisualStudioVersion = 16.0.30011.22
MinimumVisualStudioVersion = 10.0.40219.1
Project("{FAE04EC0-301F-11D3-BF4B-00C04F79EFBC}") = "ПРИ-118-ПКГ№3-Левченко", "ПРИ-118-ПКГ№3-Левченко\ПРИ-118-ПКГ№3-Левченко.csproj", "{E0587136-4101-428D-9993-DF479BD073BA}"
EndProject
Global
	GlobalSection(SolutionConfigurationPlatforms) = preSolution
		Debug|Any CPU = Debug|Any CPU
		Release|Any CPU = Release|Any CPU
	EndGlobalSection
	GlobalSection(ProjectConfigurationPlatforms) = postSolution
		{E0587136-4101-428D-9993-DF479BD073BA}.Debug|Any CPU.ActiveCfg = Debug|Any CPU
		{E0587136-4101-428D-9993-DF479BD073BA}.Debug|Any CPU.Build.0 = Debug|Any CPU
		{E0587136-4101-428D-9993-DF479BD073BA}.Release|Any CPU.ActiveCfg = Release|Any CPU
		{E0587136-4101-428D-9993-DF479BD073BA}.Release|Any CPU.Build.0 = Release|Any CPU
	EndGlobalSection
	GlobalSection(SolutionProperties) = preSolution
		HideSolutionNode = FALSE
	EndGlobalSection
	GlobalSection(ExtensibilityGlobals) = postSolution
		SolutionGuid = {14038E6B-AA08-4262-8AE8-CB180190AE4E}
	EndGlobalSection
EndGlobal
