
Microsoft Visual Studio Solution File, Format Version 12.00
# Visual Studio Version 16
VisualStudioVersion = 16.0.30011.22
MinimumVisualStudioVersion = 10.0.40219.1
Project("{FAE04EC0-301F-11D3-BF4B-00C04F79EFBC}") = "ПРИ-118-ПКГ№2-Левченко", "ПРИ-118-ПКГ№2-Левченко\ПРИ-118-ПКГ№2-Левченко.csproj", "{F111814D-315E-41AE-A73A-1F65D7F13557}"
EndProject
Global
	GlobalSection(SolutionConfigurationPlatforms) = preSolution
		Debug|Any CPU = Debug|Any CPU
		Release|Any CPU = Release|Any CPU
	EndGlobalSection
	GlobalSection(ProjectConfigurationPlatforms) = postSolution
		{F111814D-315E-41AE-A73A-1F65D7F13557}.Debug|Any CPU.ActiveCfg = Debug|Any CPU
		{F111814D-315E-41AE-A73A-1F65D7F13557}.Debug|Any CPU.Build.0 = Debug|Any CPU
		{F111814D-315E-41AE-A73A-1F65D7F13557}.Release|Any CPU.ActiveCfg = Release|Any CPU
		{F111814D-315E-41AE-A73A-1F65D7F13557}.Release|Any CPU.Build.0 = Release|Any CPU
	EndGlobalSection
	GlobalSection(SolutionProperties) = preSolution
		HideSolutionNode = FALSE
	EndGlobalSection
	GlobalSection(ExtensibilityGlobals) = postSolution
		SolutionGuid = {02706D40-49EA-461A-94B4-4CCBABD4AFFB}
	EndGlobalSection
EndGlobal
